
Microsoft Visual Studio Solution File, Format Version 12.00
# Visual Studio 15
VisualStudioVersion = 15.0.28307.1831
MinimumVisualStudioVersion = 10.0.40219.1
Project("{FAE04EC0-301F-11D3-BF4B-00C04F79EFBC}") = "haberciyiz", "haberciyiz\haberciyiz.csproj", "{EFEAD3B7-B225-4A3E-937D-6A35A89D829D}"
EndProject
Global
	GlobalSection(SolutionConfigurationPlatforms) = preSolution
		Debug|Any CPU = Debug|Any CPU
		Release|Any CPU = Release|Any CPU
	EndGlobalSection
	GlobalSection(ProjectConfigurationPlatforms) = postSolution
		{EFEAD3B7-B225-4A3E-937D-6A35A89D829D}.Debug|Any CPU.ActiveCfg = Debug|Any CPU
		{EFEAD3B7-B225-4A3E-937D-6A35A89D829D}.Debug|Any CPU.Build.0 = Debug|Any CPU
		{EFEAD3B7-B225-4A3E-937D-6A35A89D829D}.Release|Any CPU.ActiveCfg = Release|Any CPU
		{EFEAD3B7-B225-4A3E-937D-6A35A89D829D}.Release|Any CPU.Build.0 = Release|Any CPU
	EndGlobalSection
	GlobalSection(SolutionProperties) = preSolution
		HideSolutionNode = FALSE
	EndGlobalSection
	GlobalSection(ExtensibilityGlobals) = postSolution
		SolutionGuid = {9570DB2E-AD2C-44D3-B372-06498AC337B2}
	EndGlobalSection
EndGlobal
